
Microsoft Visual Studio Solution File, Format Version 12.00
# Visual Studio 15
VisualStudioVersion = 15.0.27130.2027
MinimumVisualStudioVersion = 10.0.40219.1
Project("{9A19103F-16F7-4668-BE54-9A1E7A4F7556}") = "src/identityserver4tokenservice", "src/identityserver4tokenservice.csproj", "{CFB2C93B-2395-40A9-85A4-B7B78D7E4DF6}"
EndProject
Global
	GlobalSection(SolutionConfigurationPlatforms) = preSolution
		Debug|Any CPU = Debug|Any CPU
		Release|Any CPU = Release|Any CPU
	EndGlobalSection
	GlobalSection(ProjectConfigurationPlatforms) = postSolution
		{CFB2C93B-2395-40A9-85A4-B7B78D7E4DF6}.Debug|Any CPU.ActiveCfg = Debug|Any CPU
		{CFB2C93B-2395-40A9-85A4-B7B78D7E4DF6}.Debug|Any CPU.Build.0 = Debug|Any CPU
		{CFB2C93B-2395-40A9-85A4-B7B78D7E4DF6}.Release|Any CPU.ActiveCfg = Release|Any CPU
		{CFB2C93B-2395-40A9-85A4-B7B78D7E4DF6}.Release|Any CPU.Build.0 = Release|Any CPU
	EndGlobalSection
	GlobalSection(SolutionProperties) = preSolution
		HideSolutionNode = FALSE
	EndGlobalSection
	GlobalSection(ExtensibilityGlobals) = postSolution
		SolutionGuid = {3CC73B13-4F90-4FB7-A9B9-9AC37112CCFA}
	EndGlobalSection
EndGlobal
